// !$*UTF8*$!
{
	archiveVersion = 1;
	classes = {
	};
	objectVersion = 46;
	objects = {

/* Begin PBXBuildFile section */
		0C92AF59C8424C64B53FFFCB /* libPods.a in Frameworks */ = {isa = PBXBuildFile; fileRef = D5B0240A91034D3BAAE108FD /* libPods.a */; };
		BB35BF1D18735EA300BB2F09 /* nxuPaginatedDocuments.m in Sources */ = {isa = PBXBuildFile; fileRef = BB35BF1C18735EA300BB2F09 /* nxuPaginatedDocuments.m */; };
		BB42C7D81875D08700613189 /* README.md in Resources */ = {isa = PBXBuildFile; fileRef = BB42C7D71875D08700613189 /* README.md */; };
		BB4560521871CCB000E6A456 /* NUXDocuments+nxuNUXDocuments.m in Sources */ = {isa = PBXBuildFile; fileRef = BB4560511871CCB000E6A456 /* NUXDocuments+nxuNUXDocuments.m */; };
		BB45605518720F3700E6A456 /* NUXDocument+nxuNUXDocument.m in Sources */ = {isa = PBXBuildFile; fileRef = BB45605418720F3700E6A456 /* NUXDocument+nxuNUXDocument.m */; };
		BB8D49B11871028D00A14C6C /* Foundation.framework in Frameworks */ = {isa = PBXBuildFile; fileRef = BB8D49B01871028D00A14C6C /* Foundation.framework */; };
		BB8D49B31871028D00A14C6C /* CoreGraphics.framework in Frameworks */ = {isa = PBXBuildFile; fileRef = BB8D49B21871028D00A14C6C /* CoreGraphics.framework */; };
		BB8D49B51871028D00A14C6C /* UIKit.framework in Frameworks */ = {isa = PBXBuildFile; fileRef = BB8D49B41871028D00A14C6C /* UIKit.framework */; };
		BB8D49BB1871028D00A14C6C /* InfoPlist.strings in Resources */ = {isa = PBXBuildFile; fileRef = BB8D49B91871028D00A14C6C /* InfoPlist.strings */; };
		BB8D49BD1871028D00A14C6C /* main.m in Sources */ = {isa = PBXBuildFile; fileRef = BB8D49BC1871028D00A14C6C /* main.m */; };
		BB8D49C11871028D00A14C6C /* NBAAppDelegate.m in Sources */ = {isa = PBXBuildFile; fileRef = BB8D49C01871028D00A14C6C /* NBAAppDelegate.m */; };
		BB8D49C41871028D00A14C6C /* Main.storyboard in Resources */ = {isa = PBXBuildFile; fileRef = BB8D49C21871028D00A14C6C /* Main.storyboard */; };
		BB8D49C71871028D00A14C6C /* NBAMasterViewController.m in Sources */ = {isa = PBXBuildFile; fileRef = BB8D49C61871028D00A14C6C /* NBAMasterViewController.m */; };
		BB8D49CA1871028D00A14C6C /* NBADetailViewController.m in Sources */ = {isa = PBXBuildFile; fileRef = BB8D49C91871028D00A14C6C /* NBADetailViewController.m */; };
		BB8D49CC1871028D00A14C6C /* Images.xcassets in Resources */ = {isa = PBXBuildFile; fileRef = BB8D49CB1871028D00A14C6C /* Images.xcassets */; };
		BB8D49D31871028D00A14C6C /* XCTest.framework in Frameworks */ = {isa = PBXBuildFile; fileRef = BB8D49D21871028D00A14C6C /* XCTest.framework */; };
		BB8D49D41871028D00A14C6C /* Foundation.framework in Frameworks */ = {isa = PBXBuildFile; fileRef = BB8D49B01871028D00A14C6C /* Foundation.framework */; };
		BB8D49D51871028D00A14C6C /* UIKit.framework in Frameworks */ = {isa = PBXBuildFile; fileRef = BB8D49B41871028D00A14C6C /* UIKit.framework */; };
		BB8D49DD1871028D00A14C6C /* InfoPlist.strings in Resources */ = {isa = PBXBuildFile; fileRef = BB8D49DB1871028D00A14C6C /* InfoPlist.strings */; };
		BB8D49DF1871028D00A14C6C /* NuxeoBasicAppTests.m in Sources */ = {isa = PBXBuildFile; fileRef = BB8D49DE1871028D00A14C6C /* NuxeoBasicAppTests.m */; };
		BB8D49E9187103F000A14C6C /* libsqlite3.0.dylib in Frameworks */ = {isa = PBXBuildFile; fileRef = BB8D49E8187103F000A14C6C /* libsqlite3.0.dylib */; };
/* End PBXBuildFile section */

/* Begin PBXContainerItemProxy section */
		BB8D49D61871028D00A14C6C /* PBXContainerItemProxy */ = {
			isa = PBXContainerItemProxy;
			containerPortal = BB8D49A51871028D00A14C6C /* Project object */;
			proxyType = 1;
			remoteGlobalIDString = BB8D49AC1871028D00A14C6C;
			remoteInfo = NuxeoBasicApp;
		};
/* End PBXContainerItemProxy section */

/* Begin PBXFileReference section */
		38F153A314314E60ACCEF031 /* Pods.xcconfig */ = {isa = PBXFileReference; includeInIndex = 1; lastKnownFileType = text.xcconfig; name = Pods.xcconfig; path = Pods/Pods.xcconfig; sourceTree = "<group>"; };
		BB35BF1B18735EA300BB2F09 /* nxuPaginatedDocuments.h */ = {isa = PBXFileReference; fileEncoding = 4; lastKnownFileType = sourcecode.c.h; path = nxuPaginatedDocuments.h; sourceTree = "<group>"; };
		BB35BF1C18735EA300BB2F09 /* nxuPaginatedDocuments.m */ = {isa = PBXFileReference; fileEncoding = 4; lastKnownFileType = sourcecode.c.objc; path = nxuPaginatedDocuments.m; sourceTree = "<group>"; };
		BB42C7D71875D08700613189 /* README.md */ = {isa = PBXFileReference; fileEncoding = 4; lastKnownFileType = text; path = README.md; sourceTree = "<group>"; };
		BB4560501871CCB000E6A456 /* NUXDocuments+nxuNUXDocuments.h */ = {isa = PBXFileReference; fileEncoding = 4; lastKnownFileType = sourcecode.c.h; path = "NUXDocuments+nxuNUXDocuments.h"; sourceTree = "<group>"; };
		BB4560511871CCB000E6A456 /* NUXDocuments+nxuNUXDocuments.m */ = {isa = PBXFileReference; fileEncoding = 4; lastKnownFileType = sourcecode.c.objc; path = "NUXDocuments+nxuNUXDocuments.m"; sourceTree = "<group>"; };
		BB45605318720F3700E6A456 /* NUXDocument+nxuNUXDocument.h */ = {isa = PBXFileReference; fileEncoding = 4; lastKnownFileType = sourcecode.c.h; path = "NUXDocument+nxuNUXDocument.h"; sourceTree = "<group>"; };
		BB45605418720F3700E6A456 /* NUXDocument+nxuNUXDocument.m */ = {isa = PBXFileReference; fileEncoding = 4; lastKnownFileType = sourcecode.c.objc; path = "NUXDocument+nxuNUXDocument.m"; sourceTree = "<group>"; };
		BB8D49AD1871028D00A14C6C /* NuxeoBasicApp.app */ = {isa = PBXFileReference; explicitFileType = wrapper.application; includeInIndex = 0; path = NuxeoBasicApp.app; sourceTree = BUILT_PRODUCTS_DIR; };
		BB8D49B01871028D00A14C6C /* Foundation.framework */ = {isa = PBXFileReference; lastKnownFileType = wrapper.framework; name = Foundation.framework; path = System/Library/Frameworks/Foundation.framework; sourceTree = SDKROOT; };
		BB8D49B21871028D00A14C6C /* CoreGraphics.framework */ = {isa = PBXFileReference; lastKnownFileType = wrapper.framework; name = CoreGraphics.framework; path = System/Library/Frameworks/CoreGraphics.framework; sourceTree = SDKROOT; };
		BB8D49B41871028D00A14C6C /* UIKit.framework */ = {isa = PBXFileReference; lastKnownFileType = wrapper.framework; name = UIKit.framework; path = System/Library/Frameworks/UIKit.framework; sourceTree = SDKROOT; };
		BB8D49B81871028D00A14C6C /* NuxeoBasicApp-Info.plist */ = {isa = PBXFileReference; lastKnownFileType = text.plist.xml; path = "NuxeoBasicApp-Info.plist"; sourceTree = "<group>"; };
		BB8D49BA1871028D00A14C6C /* en */ = {isa = PBXFileReference; lastKnownFileType = text.plist.strings; name = en; path = en.lproj/InfoPlist.strings; sourceTree = "<group>"; };
		BB8D49BC1871028D00A14C6C /* main.m */ = {isa = PBXFileReference; lastKnownFileType = sourcecode.c.objc; path = main.m; sourceTree = "<group>"; };
		BB8D49BE1871028D00A14C6C /* NuxeoBasicApp-Prefix.pch */ = {isa = PBXFileReference; lastKnownFileType = sourcecode.c.h; path = "NuxeoBasicApp-Prefix.pch"; sourceTree = "<group>"; };
		BB8D49BF1871028D00A14C6C /* NBAAppDelegate.h */ = {isa = PBXFileReference; lastKnownFileType = sourcecode.c.h; path = NBAAppDelegate.h; sourceTree = "<group>"; };
		BB8D49C01871028D00A14C6C /* NBAAppDelegate.m */ = {isa = PBXFileReference; lastKnownFileType = sourcecode.c.objc; path = NBAAppDelegate.m; sourceTree = "<group>"; };
		BB8D49C31871028D00A14C6C /* Base */ = {isa = PBXFileReference; lastKnownFileType = file.storyboard; name = Base; path = Base.lproj/Main.storyboard; sourceTree = "<group>"; };
		BB8D49C51871028D00A14C6C /* NBAMasterViewController.h */ = {isa = PBXFileReference; lastKnownFileType = sourcecode.c.h; path = NBAMasterViewController.h; sourceTree = "<group>"; };
		BB8D49C61871028D00A14C6C /* NBAMasterViewController.m */ = {isa = PBXFileReference; lastKnownFileType = sourcecode.c.objc; path = NBAMasterViewController.m; sourceTree = "<group>"; };
		BB8D49C81871028D00A14C6C /* NBADetailViewController.h */ = {isa = PBXFileReference; lastKnownFileType = sourcecode.c.h; path = NBADetailViewController.h; sourceTree = "<group>"; };
		BB8D49C91871028D00A14C6C /* NBADetailViewController.m */ = {isa = PBXFileReference; lastKnownFileType = sourcecode.c.objc; path = NBADetailViewController.m; sourceTree = "<group>"; };
		BB8D49CB1871028D00A14C6C /* Images.xcassets */ = {isa = PBXFileReference; lastKnownFileType = folder.assetcatalog; path = Images.xcassets; sourceTree = "<group>"; };
		BB8D49D11871028D00A14C6C /* NuxeoBasicAppTests.xctest */ = {isa = PBXFileReference; explicitFileType = wrapper.cfbundle; includeInIndex = 0; path = NuxeoBasicAppTests.xctest; sourceTree = BUILT_PRODUCTS_DIR; };
		BB8D49D21871028D00A14C6C /* XCTest.framework */ = {isa = PBXFileReference; lastKnownFileType = wrapper.framework; name = XCTest.framework; path = Library/Frameworks/XCTest.framework; sourceTree = DEVELOPER_DIR; };
		BB8D49DA1871028D00A14C6C /* NuxeoBasicAppTests-Info.plist */ = {isa = PBXFileReference; lastKnownFileType = text.plist.xml; path = "NuxeoBasicAppTests-Info.plist"; sourceTree = "<group>"; };
		BB8D49DC1871028D00A14C6C /* en */ = {isa = PBXFileReference; lastKnownFileType = text.plist.strings; name = en; path = en.lproj/InfoPlist.strings; sourceTree = "<group>"; };
		BB8D49DE1871028D00A14C6C /* NuxeoBasicAppTests.m */ = {isa = PBXFileReference; lastKnownFileType = sourcecode.c.objc; path = NuxeoBasicAppTests.m; sourceTree = "<group>"; };
		BB8D49E8187103F000A14C6C /* libsqlite3.0.dylib */ = {isa = PBXFileReference; lastKnownFileType = "compiled.mach-o.dylib"; name = libsqlite3.0.dylib; path = usr/lib/libsqlite3.0.dylib; sourceTree = SDKROOT; };
		D5B0240A91034D3BAAE108FD /* libPods.a */ = {isa = PBXFileReference; explicitFileType = archive.ar; includeInIndex = 0; path = libPods.a; sourceTree = BUILT_PRODUCTS_DIR; };
/* End PBXFileReference section */

/* Begin PBXFrameworksBuildPhase section */
		BB8D49AA1871028D00A14C6C /* Frameworks */ = {
			isa = PBXFrameworksBuildPhase;
			buildActionMask = 2147483647;
			files = (
				BB8D49B31871028D00A14C6C /* CoreGraphics.framework in Frameworks */,
				BB8D49E9187103F000A14C6C /* libsqlite3.0.dylib in Frameworks */,
				BB8D49B51871028D00A14C6C /* UIKit.framework in Frameworks */,
				BB8D49B11871028D00A14C6C /* Foundation.framework in Frameworks */,
				0C92AF59C8424C64B53FFFCB /* libPods.a in Frameworks */,
			);
			runOnlyForDeploymentPostprocessing = 0;
		};
		BB8D49CE1871028D00A14C6C /* Frameworks */ = {
			isa = PBXFrameworksBuildPhase;
			buildActionMask = 2147483647;
			files = (
				BB8D49D31871028D00A14C6C /* XCTest.framework in Frameworks */,
				BB8D49D51871028D00A14C6C /* UIKit.framework in Frameworks */,
				BB8D49D41871028D00A14C6C /* Foundation.framework in Frameworks */,
			);
			runOnlyForDeploymentPostprocessing = 0;
		};
/* End PBXFrameworksBuildPhase section */

/* Begin PBXGroup section */
		BB45604F1871CC6300E6A456 /* NxUtils */ = {
			isa = PBXGroup;
			children = (
				BB4560501871CCB000E6A456 /* NUXDocuments+nxuNUXDocuments.h */,
				BB4560511871CCB000E6A456 /* NUXDocuments+nxuNUXDocuments.m */,
				BB45605318720F3700E6A456 /* NUXDocument+nxuNUXDocument.h */,
				BB45605418720F3700E6A456 /* NUXDocument+nxuNUXDocument.m */,
				BB35BF1B18735EA300BB2F09 /* nxuPaginatedDocuments.h */,
				BB35BF1C18735EA300BB2F09 /* nxuPaginatedDocuments.m */,
			);
			name = NxUtils;
			sourceTree = "<group>";
		};
		BB8D49A41871028D00A14C6C = {
			isa = PBXGroup;
			children = (
				BB42C7D71875D08700613189 /* README.md */,
				BB8D49B61871028D00A14C6C /* NuxeoBasicApp */,
				BB8D49D81871028D00A14C6C /* NuxeoBasicAppTests */,
				BB8D49AF1871028D00A14C6C /* Frameworks */,
				BB8D49AE1871028D00A14C6C /* Products */,
				38F153A314314E60ACCEF031 /* Pods.xcconfig */,
			);
			sourceTree = "<group>";
		};
		BB8D49AE1871028D00A14C6C /* Products */ = {
			isa = PBXGroup;
			children = (
				BB8D49AD1871028D00A14C6C /* NuxeoBasicApp.app */,
				BB8D49D11871028D00A14C6C /* NuxeoBasicAppTests.xctest */,
			);
			name = Products;
			sourceTree = "<group>";
		};
		BB8D49AF1871028D00A14C6C /* Frameworks */ = {
			isa = PBXGroup;
			children = (
				BB8D49B01871028D00A14C6C /* Foundation.framework */,
				BB8D49B21871028D00A14C6C /* CoreGraphics.framework */,
				BB8D49B41871028D00A14C6C /* UIKit.framework */,
				BB8D49D21871028D00A14C6C /* XCTest.framework */,
				D5B0240A91034D3BAAE108FD /* libPods.a */,
				BB8D49E8187103F000A14C6C /* libsqlite3.0.dylib */,
			);
			name = Frameworks;
			sourceTree = "<group>";
		};
		BB8D49B61871028D00A14C6C /* NuxeoBasicApp */ = {
			isa = PBXGroup;
			children = (
				BB45604F1871CC6300E6A456 /* NxUtils */,
				BB8D49BF1871028D00A14C6C /* NBAAppDelegate.h */,
				BB8D49C01871028D00A14C6C /* NBAAppDelegate.m */,
				BB8D49C21871028D00A14C6C /* Main.storyboard */,
				BB8D49C51871028D00A14C6C /* NBAMasterViewController.h */,
				BB8D49C61871028D00A14C6C /* NBAMasterViewController.m */,
				BB8D49C81871028D00A14C6C /* NBADetailViewController.h */,
				BB8D49C91871028D00A14C6C /* NBADetailViewController.m */,
				BB8D49CB1871028D00A14C6C /* Images.xcassets */,
				BB8D49B71871028D00A14C6C /* Supporting Files */,
			);
			path = NuxeoBasicApp;
			sourceTree = "<group>";
		};
		BB8D49B71871028D00A14C6C /* Supporting Files */ = {
			isa = PBXGroup;
			children = (
				BB8D49B81871028D00A14C6C /* NuxeoBasicApp-Info.plist */,
				BB8D49B91871028D00A14C6C /* InfoPlist.strings */,
				BB8D49BC1871028D00A14C6C /* main.m */,
				BB8D49BE1871028D00A14C6C /* NuxeoBasicApp-Prefix.pch */,
			);
			name = "Supporting Files";
			sourceTree = "<group>";
		};
		BB8D49D81871028D00A14C6C /* NuxeoBasicAppTests */ = {
			isa = PBXGroup;
			children = (
				BB8D49DE1871028D00A14C6C /* NuxeoBasicAppTests.m */,
				BB8D49D91871028D00A14C6C /* Supporting Files */,
			);
			path = NuxeoBasicAppTests;
			sourceTree = "<group>";
		};
		BB8D49D91871028D00A14C6C /* Supporting Files */ = {
			isa = PBXGroup;
			children = (
				BB8D49DA1871028D00A14C6C /* NuxeoBasicAppTests-Info.plist */,
				BB8D49DB1871028D00A14C6C /* InfoPlist.strings */,
			);
			name = "Supporting Files";
			sourceTree = "<group>";
		};
/* End PBXGroup section */

/* Begin PBXNativeTarget section */
		BB8D49AC1871028D00A14C6C /* NuxeoBasicApp */ = {
			isa = PBXNativeTarget;
			buildConfigurationList = BB8D49E21871028D00A14C6C /* Build configuration list for PBXNativeTarget "NuxeoBasicApp" */;
			buildPhases = (
				1C3DBABFA7554C75A4A80E9C /* Check Pods Manifest.lock */,
				BB8D49A91871028D00A14C6C /* Sources */,
				BB8D49AA1871028D00A14C6C /* Frameworks */,
				BB8D49AB1871028D00A14C6C /* Resources */,
				B80AB0ADE2364E36B7A85E56 /* Copy Pods Resources */,
			);
			buildRules = (
			);
			dependencies = (
			);
			name = NuxeoBasicApp;
			productName = NuxeoBasicApp;
			productReference = BB8D49AD1871028D00A14C6C /* NuxeoBasicApp.app */;
			productType = "com.apple.product-type.application";
		};
		BB8D49D01871028D00A14C6C /* NuxeoBasicAppTests */ = {
			isa = PBXNativeTarget;
			buildConfigurationList = BB8D49E51871028D00A14C6C /* Build configuration list for PBXNativeTarget "NuxeoBasicAppTests" */;
			buildPhases = (
				BB8D49CD1871028D00A14C6C /* Sources */,
				BB8D49CE1871028D00A14C6C /* Frameworks */,
				BB8D49CF1871028D00A14C6C /* Resources */,
			);
			buildRules = (
			);
			dependencies = (
				BB8D49D71871028D00A14C6C /* PBXTargetDependency */,
			);
			name = NuxeoBasicAppTests;
			productName = NuxeoBasicAppTests;
			productReference = BB8D49D11871028D00A14C6C /* NuxeoBasicAppTests.xctest */;
			productType = "com.apple.product-type.bundle.unit-test";
		};
/* End PBXNativeTarget section */

/* Begin PBXProject section */
		BB8D49A51871028D00A14C6C /* Project object */ = {
			isa = PBXProject;
			attributes = {
				CLASSPREFIX = NBA;
				LastUpgradeCheck = 0500;
				ORGANIZATIONNAME = ThibArg;
				TargetAttributes = {
					BB8D49D01871028D00A14C6C = {
						TestTargetID = BB8D49AC1871028D00A14C6C;
					};
				};
			};
			buildConfigurationList = BB8D49A81871028D00A14C6C /* Build configuration list for PBXProject "NuxeoBasicApp" */;
			compatibilityVersion = "Xcode 3.2";
			developmentRegion = English;
			hasScannedForEncodings = 0;
			knownRegions = (
				en,
				Base,
			);
			mainGroup = BB8D49A41871028D00A14C6C;
			productRefGroup = BB8D49AE1871028D00A14C6C /* Products */;
			projectDirPath = "";
			projectRoot = "";
			targets = (
				BB8D49AC1871028D00A14C6C /* NuxeoBasicApp */,
				BB8D49D01871028D00A14C6C /* NuxeoBasicAppTests */,
			);
		};
/* End PBXProject section */

/* Begin PBXResourcesBuildPhase section */
		BB8D49AB1871028D00A14C6C /* Resources */ = {
			isa = PBXResourcesBuildPhase;
			buildActionMask = 2147483647;
			files = (
				BB8D49CC1871028D00A14C6C /* Images.xcassets in Resources */,
				BB8D49BB1871028D00A14C6C /* InfoPlist.strings in Resources */,
				BB42C7D81875D08700613189 /* README.md in Resources */,
				BB8D49C41871028D00A14C6C /* Main.storyboard in Resources */,
			);
			runOnlyForDeploymentPostprocessing = 0;
		};
		BB8D49CF1871028D00A14C6C /* Resources */ = {
			isa = PBXResourcesBuildPhase;
			buildActionMask = 2147483647;
			files = (
				BB8D49DD1871028D00A14C6C /* InfoPlist.strings in Resources */,
			);
			runOnlyForDeploymentPostprocessing = 0;
		};
/* End PBXResourcesBuildPhase section */

/* Begin PBXShellScriptBuildPhase section */
		1C3DBABFA7554C75A4A80E9C /* Check Pods Manifest.lock */ = {
			isa = PBXShellScriptBuildPhase;
			buildActionMask = 2147483647;
			files = (
			);
			inputPaths = (
			);
			name = "Check Pods Manifest.lock";
			outputPaths = (
			);
			runOnlyForDeploymentPostprocessing = 0;
			shellPath = /bin/sh;
			shellScript = "diff \"${PODS_ROOT}/../Podfile.lock\" \"${PODS_ROOT}/Manifest.lock\" > /dev/null\nif [[ $? != 0 ]] ; then\n    cat << EOM\nerror: The sandbox is not in sync with the Podfile.lock. Run 'pod install' or update your CocoaPods installation.\nEOM\n    exit 1\nfi\n";
			showEnvVarsInLog = 0;
		};
		B80AB0ADE2364E36B7A85E56 /* Copy Pods Resources */ = {
			isa = PBXShellScriptBuildPhase;
			buildActionMask = 2147483647;
			files = (
			);
			inputPaths = (
			);
			name = "Copy Pods Resources";
			outputPaths = (
			);
			runOnlyForDeploymentPostprocessing = 0;
			shellPath = /bin/sh;
			shellScript = "\"${SRCROOT}/Pods/Pods-resources.sh\"\n";
			showEnvVarsInLog = 0;
		};
/* End PBXShellScriptBuildPhase section */

/* Begin PBXSourcesBuildPhase section */
		BB8D49A91871028D00A14C6C /* Sources */ = {
			isa = PBXSourcesBuildPhase;
			buildActionMask = 2147483647;
			files = (
				BB8D49C71871028D00A14C6C /* NBAMasterViewController.m in Sources */,
				BB4560521871CCB000E6A456 /* NUXDocuments+nxuNUXDocuments.m in Sources */,
				BB8D49C11871028D00A14C6C /* NBAAppDelegate.m in Sources */,
				BB35BF1D18735EA300BB2F09 /* nxuPaginatedDocuments.m in Sources */,
				BB8D49BD1871028D00A14C6C /* main.m in Sources */,
				BB8D49CA1871028D00A14C6C /* NBADetailViewController.m in Sources */,
				BB45605518720F3700E6A456 /* NUXDocument+nxuNUXDocument.m in Sources */,
			);
			runOnlyForDeploymentPostprocessing = 0;
		};
		BB8D49CD1871028D00A14C6C /* Sources */ = {
			isa = PBXSourcesBuildPhase;
			buildActionMask = 2147483647;
			files = (
				BB8D49DF1871028D00A14C6C /* NuxeoBasicAppTests.m in Sources */,
			);
			runOnlyForDeploymentPostprocessing = 0;
		};
/* End PBXSourcesBuildPhase section */

/* Begin PBXTargetDependency section */
		BB8D49D71871028D00A14C6C /* PBXTargetDependency */ = {
			isa = PBXTargetDependency;
			target = BB8D49AC1871028D00A14C6C /* NuxeoBasicApp */;
			targetProxy = BB8D49D61871028D00A14C6C /* PBXContainerItemProxy */;
		};
/* End PBXTargetDependency section */

/* Begin PBXVariantGroup section */
		BB8D49B91871028D00A14C6C /* InfoPlist.strings */ = {
			isa = PBXVariantGroup;
			children = (
				BB8D49BA1871028D00A14C6C /* en */,
			);
			name = InfoPlist.strings;
			sourceTree = "<group>";
		};
		BB8D49C21871028D00A14C6C /* Main.storyboard */ = {
			isa = PBXVariantGroup;
			children = (
				BB8D49C31871028D00A14C6C /* Base */,
			);
			name = Main.storyboard;
			sourceTree = "<group>";
		};
		BB8D49DB1871028D00A14C6C /* InfoPlist.strings */ = {
			isa = PBXVariantGroup;
			children = (
				BB8D49DC1871028D00A14C6C /* en */,
			);
			name = InfoPlist.strings;
			sourceTree = "<group>";
		};
/* End PBXVariantGroup section */

/* Begin XCBuildConfiguration section */
		BB8D49E01871028D00A14C6C /* Debug */ = {
			isa = XCBuildConfiguration;
			buildSettings = {
				ALWAYS_SEARCH_USER_PATHS = NO;
				ARCHS = "$(ARCHS_STANDARD_INCLUDING_64_BIT)";
				CLANG_CXX_LANGUAGE_STANDARD = "gnu++0x";
				CLANG_CXX_LIBRARY = "libc++";
				CLANG_ENABLE_MODULES = YES;
				CLANG_ENABLE_OBJC_ARC = YES;
				CLANG_WARN_BOOL_CONVERSION = YES;
				CLANG_WARN_CONSTANT_CONVERSION = YES;
				CLANG_WARN_DIRECT_OBJC_ISA_USAGE = YES_ERROR;
				CLANG_WARN_EMPTY_BODY = YES;
				CLANG_WARN_ENUM_CONVERSION = YES;
				CLANG_WARN_INT_CONVERSION = YES;
				CLANG_WARN_OBJC_ROOT_CLASS = YES_ERROR;
				CLANG_WARN__DUPLICATE_METHOD_MATCH = YES;
				"CODE_SIGN_IDENTITY[sdk=iphoneos*]" = "iPhone Developer";
				COPY_PHASE_STRIP = NO;
				GCC_C_LANGUAGE_STANDARD = gnu99;
				GCC_DYNAMIC_NO_PIC = NO;
				GCC_OPTIMIZATION_LEVEL = 0;
				GCC_PREPROCESSOR_DEFINITIONS = (
					"DEBUG=1",
					"$(inherited)",
				);
				GCC_SYMBOLS_PRIVATE_EXTERN = NO;
				GCC_WARN_64_TO_32_BIT_CONVERSION = YES;
				GCC_WARN_ABOUT_RETURN_TYPE = YES_ERROR;
				GCC_WARN_UNDECLARED_SELECTOR = YES;
				GCC_WARN_UNINITIALIZED_AUTOS = YES;
				GCC_WARN_UNUSED_FUNCTION = YES;
				GCC_WARN_UNUSED_VARIABLE = YES;
				IPHONEOS_DEPLOYMENT_TARGET = 7.0;
				ONLY_ACTIVE_ARCH = YES;
				SDKROOT = iphoneos;
			};
			name = Debug;
		};
		BB8D49E11871028D00A14C6C /* Release */ = {
			isa = XCBuildConfiguration;
			buildSettings = {
				ALWAYS_SEARCH_USER_PATHS = NO;
				ARCHS = "$(ARCHS_STANDARD_INCLUDING_64_BIT)";
				CLANG_CXX_LANGUAGE_STANDARD = "gnu++0x";
				CLANG_CXX_LIBRARY = "libc++";
				CLANG_ENABLE_MODULES = YES;
				CLANG_ENABLE_OBJC_ARC = YES;
				CLANG_WARN_BOOL_CONVERSION = YES;
				CLANG_WARN_CONSTANT_CONVERSION = YES;
				CLANG_WARN_DIRECT_OBJC_ISA_USAGE = YES_ERROR;
				CLANG_WARN_EMPTY_BODY = YES;
				CLANG_WARN_ENUM_CONVERSION = YES;
				CLANG_WARN_INT_CONVERSION = YES;
				CLANG_WARN_OBJC_ROOT_CLASS = YES_ERROR;
				CLANG_WARN__DUPLICATE_METHOD_MATCH = YES;
				"CODE_SIGN_IDENTITY[sdk=iphoneos*]" = "iPhone Developer";
				COPY_PHASE_STRIP = YES;
				ENABLE_NS_ASSERTIONS = NO;
				GCC_C_LANGUAGE_STANDARD = gnu99;
				GCC_WARN_64_TO_32_BIT_CONVERSION = YES;
				GCC_WARN_ABOUT_RETURN_TYPE = YES_ERROR;
				GCC_WARN_UNDECLARED_SELECTOR = YES;
				GCC_WARN_UNINITIALIZED_AUTOS = YES;
				GCC_WARN_UNUSED_FUNCTION = YES;
				GCC_WARN_UNUSED_VARIABLE = YES;
				IPHONEOS_DEPLOYMENT_TARGET = 7.0;
				SDKROOT = iphoneos;
				VALIDATE_PRODUCT = YES;
			};
			name = Release;
		};
		BB8D49E31871028D00A14C6C /* Debug */ = {
			isa = XCBuildConfiguration;
			baseConfigurationReference = 38F153A314314E60ACCEF031 /* Pods.xcconfig */;
			buildSettings = {
				ASSETCATALOG_COMPILER_APPICON_NAME = AppIcon;
				ASSETCATALOG_COMPILER_LAUNCHIMAGE_NAME = LaunchImage;
				GCC_PRECOMPILE_PREFIX_HEADER = YES;
				GCC_PREFIX_HEADER = "NuxeoBasicApp/NuxeoBasicApp-Prefix.pch";
				INFOPLIST_FILE = "NuxeoBasicApp/NuxeoBasicApp-Info.plist";
				PRODUCT_NAME = "$(TARGET_NAME)";
				WRAPPER_EXTENSION = app;
			};
			name = Debug;
		};
		BB8D49E41871028D00A14C6C /* Release */ = {
			isa = XCBuildConfiguration;
			baseConfigurationReference = 38F153A314314E60ACCEF031 /* Pods.xcconfig */;
			buildSettings = {
				ASSETCATALOG_COMPILER_APPICON_NAME = AppIcon;
				ASSETCATALOG_COMPILER_LAUNCHIMAGE_NAME = LaunchImage;
				GCC_PRECOMPILE_PREFIX_HEADER = YES;
				GCC_PREFIX_HEADER = "NuxeoBasicApp/NuxeoBasicApp-Prefix.pch";
				INFOPLIST_FILE = "NuxeoBasicApp/NuxeoBasicApp-Info.plist";
				PRODUCT_NAME = "$(TARGET_NAME)";
				WRAPPER_EXTENSION = app;
			};
			name = Release;
		};
		BB8D49E61871028D00A14C6C /* Debug */ = {
			isa = XCBuildConfiguration;
			buildSettings = {
				ARCHS = "$(ARCHS_STANDARD_INCLUDING_64_BIT)";
				BUNDLE_LOADER = "$(BUILT_PRODUCTS_DIR)/NuxeoBasicApp.app/NuxeoBasicApp";
				FRAMEWORK_SEARCH_PATHS = (
					"$(SDKROOT)/Developer/Library/Frameworks",
					"$(inherited)",
					"$(DEVELOPER_FRAMEWORKS_DIR)",
				);
				GCC_PRECOMPILE_PREFIX_HEADER = YES;
				GCC_PREFIX_HEADER = "NuxeoBasicApp/NuxeoBasicApp-Prefix.pch";
				GCC_PREPROCESSOR_DEFINITIONS = (
					"DEBUG=1",
					"$(inherited)",
				);
				INFOPLIST_FILE = "NuxeoBasicAppTests/NuxeoBasicAppTests-Info.plist";
				PRODUCT_NAME = "$(TARGET_NAME)";
				TEST_HOST = "$(BUNDLE_LOADER)";
				WRAPPER_EXTENSION = xctest;
			};
			name = Debug;
		};
		BB8D49E71871028D00A14C6C /* Release */ = {
			isa = XCBuildConfiguration;
			buildSettings = {
				ARCHS = "$(ARCHS_STANDARD_INCLUDING_64_BIT)";
				BUNDLE_LOADER = "$(BUILT_PRODUCTS_DIR)/NuxeoBasicApp.app/NuxeoBasicApp";
				FRAMEWORK_SEARCH_PATHS = (
					"$(SDKROOT)/Developer/Library/Frameworks",
					"$(inherited)",
					"$(DEVELOPER_FRAMEWORKS_DIR)",
				);
				GCC_PRECOMPILE_PREFIX_HEADER = YES;
				GCC_PREFIX_HEADER = "NuxeoBasicApp/NuxeoBasicApp-Prefix.pch";
				INFOPLIST_FILE = "NuxeoBasicAppTests/NuxeoBasicAppTests-Info.plist";
				PRODUCT_NAME = "$(TARGET_NAME)";
				TEST_HOST = "$(BUNDLE_LOADER)";
				WRAPPER_EXTENSION = xctest;
			};
			name = Release;
		};
/* End XCBuildConfiguration section */

/* Begin XCConfigurationList section */
		BB8D49A81871028D00A14C6C /* Build configuration list for PBXProject "NuxeoBasicApp" */ = {
			isa = XCConfigurationList;
			buildConfigurations = (
				BB8D49E01871028D00A14C6C /* Debug */,
				BB8D49E11871028D00A14C6C /* Release */,
			);
			defaultConfigurationIsVisible = 0;
			defaultConfigurationName = Release;
		};
		BB8D49E21871028D00A14C6C /* Build configuration list for PBXNativeTarget "NuxeoBasicApp" */ = {
			isa = XCConfigurationList;
			buildConfigurations = (
				BB8D49E31871028D00A14C6C /* Debug */,
				BB8D49E41871028D00A14C6C /* Release */,
			);
			defaultConfigurationIsVisible = 0;
			defaultConfigurationName = Release;
		};
		BB8D49E51871028D00A14C6C /* Build configuration list for PBXNativeTarget "NuxeoBasicAppTests" */ = {
			isa = XCConfigurationList;
			buildConfigurations = (
				BB8D49E61871028D00A14C6C /* Debug */,
				BB8D49E71871028D00A14C6C /* Release */,
			);
			defaultConfigurationIsVisible = 0;
			defaultConfigurationName = Release;
		};
/* End XCConfigurationList section */
	};
	rootObject = BB8D49A51871028D00A14C6C /* Project object */;
}
